
Microsoft Visual Studio Solution File, Format Version 12.00
# Visual Studio Version 17
VisualStudioVersion = 17.0.31912.275
MinimumVisualStudioVersion = 10.0.40219.1
Project("{FAE04EC0-301F-11D3-BF4B-00C04F79EFBC}") = "PrimeiraApi", "PrimeiraApi\PrimeiraApi.csproj", "{C28909FA-286F-4DE2-AE30-554279B38702}"
EndProject
Global
	GlobalSection(SolutionConfigurationPlatforms) = preSolution
		Debug|Any CPU = Debug|Any CPU
		Release|Any CPU = Release|Any CPU
	EndGlobalSection
	GlobalSection(ProjectConfigurationPlatforms) = postSolution
		{C28909FA-286F-4DE2-AE30-554279B38702}.Debug|Any CPU.ActiveCfg = Debug|Any CPU
		{C28909FA-286F-4DE2-AE30-554279B38702}.Debug|Any CPU.Build.0 = Debug|Any CPU
		{C28909FA-286F-4DE2-AE30-554279B38702}.Release|Any CPU.ActiveCfg = Release|Any CPU
		{C28909FA-286F-4DE2-AE30-554279B38702}.Release|Any CPU.Build.0 = Release|Any CPU
	EndGlobalSection
	GlobalSection(SolutionProperties) = preSolution
		HideSolutionNode = FALSE
	EndGlobalSection
	GlobalSection(ExtensibilityGlobals) = postSolution
		SolutionGuid = {F25B6EE0-E0E4-4448-936B-6F802F3484AC}
	EndGlobalSection
EndGlobal
